
Microsoft Visual Studio Solution File, Format Version 12.00
# Visual Studio Version 16
VisualStudioVersion = 16.0.30104.148
MinimumVisualStudioVersion = 10.0.40219.1
Project("{FAE04EC0-301F-11D3-BF4B-00C04F79EFBC}") = "Ejercicio2", "EjerciciosVocali\Ejercicio2.csproj", "{4516039B-B1EF-449D-A72E-FA77F6D94AEB}"
EndProject
Project("{FAE04EC0-301F-11D3-BF4B-00C04F79EFBC}") = "Ejercicio1", "Ejercicio1\Ejercicio1.csproj", "{110CEDAD-CAA8-4073-983A-44DC62C59C27}"
EndProject
Global
	GlobalSection(SolutionConfigurationPlatforms) = preSolution
		Debug|Any CPU = Debug|Any CPU
		Release|Any CPU = Release|Any CPU
	EndGlobalSection
	GlobalSection(ProjectConfigurationPlatforms) = postSolution
		{4516039B-B1EF-449D-A72E-FA77F6D94AEB}.Debug|Any CPU.ActiveCfg = Debug|Any CPU
		{4516039B-B1EF-449D-A72E-FA77F6D94AEB}.Debug|Any CPU.Build.0 = Debug|Any CPU
		{4516039B-B1EF-449D-A72E-FA77F6D94AEB}.Release|Any CPU.ActiveCfg = Release|Any CPU
		{4516039B-B1EF-449D-A72E-FA77F6D94AEB}.Release|Any CPU.Build.0 = Release|Any CPU
		{110CEDAD-CAA8-4073-983A-44DC62C59C27}.Debug|Any CPU.ActiveCfg = Debug|Any CPU
		{110CEDAD-CAA8-4073-983A-44DC62C59C27}.Debug|Any CPU.Build.0 = Debug|Any CPU
		{110CEDAD-CAA8-4073-983A-44DC62C59C27}.Release|Any CPU.ActiveCfg = Release|Any CPU
		{110CEDAD-CAA8-4073-983A-44DC62C59C27}.Release|Any CPU.Build.0 = Release|Any CPU
	EndGlobalSection
	GlobalSection(SolutionProperties) = preSolution
		HideSolutionNode = FALSE
	EndGlobalSection
	GlobalSection(ExtensibilityGlobals) = postSolution
		SolutionGuid = {264206DA-FDD9-450B-9625-CF97F66242EF}
	EndGlobalSection
EndGlobal
